
Microsoft Visual Studio Solution File, Format Version 12.00
# Visual Studio 2012
Project("{FAE04EC0-301F-11D3-BF4B-00C04F79EFBC}") = "ApplicationBarFontButtons", "ApplicationBarFontButtons\ApplicationBarFontButtons.csproj", "{6AA63B9F-29A7-4ADE-B0CF-4511ECCB5584}"
EndProject
Project("{FAE04EC0-301F-11D3-BF4B-00C04F79EFBC}") = "ViewboxTesting", "ViewboxTesting\ViewboxTesting.csproj", "{A970B8AC-4F3C-48F2-9A84-471AC108CD48}"
EndProject
Project("{FAE04EC0-301F-11D3-BF4B-00C04F79EFBC}") = "wp7.library", "wp7.library\wp7.library.csproj", "{7E125CE7-CB80-4EBC-876F-35B24D2125F0}"
EndProject
Project("{FAE04EC0-301F-11D3-BF4B-00C04F79EFBC}") = "NavigateToLibraryPage", "NavigateToLibraryPage\NavigateToLibraryPage.csproj", "{A1FE3F19-208B-4A77-85D1-9558E5DD1C25}"
EndProject
Project("{2150E333-8FDC-42A3-9474-1A3956D46DE8}") = "WindowsPhone", "WindowsPhone", "{5CE3D1C9-B789-4591-B369-6C21CA00FEFF}"
EndProject
Project("{2150E333-8FDC-42A3-9474-1A3956D46DE8}") = "CSharp", "CSharp", "{9DBC5C3C-4D4A-4669-A216-B171EEDEC347}"
EndProject
Project("{FAE04EC0-301F-11D3-BF4B-00C04F79EFBC}") = "SideInheritance", "SideInheritance\SideInheritance.csproj", "{9CD18987-6653-475B-8F0C-50F145B68BFA}"
EndProject
Project("{FAE04EC0-301F-11D3-BF4B-00C04F79EFBC}") = "ContentControlDataTemplate", "ContentControlDataTemplate\ContentControlDataTemplate.csproj", "{CEF556D2-097C-4DD8-9AD9-B5DAD3E658D6}"
EndProject
Project("{FAE04EC0-301F-11D3-BF4B-00C04F79EFBC}") = "Cecilian", "Cecilian\Cecilian.csproj", "{A488F852-6271-466A-9E48-16AEABB5CA72}"
EndProject
Project("{FAE04EC0-301F-11D3-BF4B-00C04F79EFBC}") = "QuickJsonWrite", "QuickJsonWrite\QuickJsonWrite.csproj", "{B2DA6422-6456-40E4-8B9B-255AFEF32CE3}"
EndProject
Project("{2150E333-8FDC-42A3-9474-1A3956D46DE8}") = "Windows8", "Windows8", "{161AAB0C-E482-48F2-A62F-235C15F38A13}"
EndProject
Project("{FAE04EC0-301F-11D3-BF4B-00C04F79EFBC}") = "QuickJsonWriteW8", "QuickJsonWriteW8\QuickJsonWriteW8.csproj", "{DA871DCA-F6D8-47FF-B1E7-CD64D16FC0F8}"
EndProject
Project("{FAE04EC0-301F-11D3-BF4B-00C04F79EFBC}") = "QuickJsonWriteWP8", "QuickJsonWriteWP8\QuickJsonWriteWP8.csproj", "{C73AA485-6CFC-4884-9F7A-5A4BEDB103B7}"
EndProject
Project("{FAE04EC0-301F-11D3-BF4B-00C04F79EFBC}") = "QuickJsonWriteWP7", "QuickJsonWriteWP7\QuickJsonWriteWP7.csproj", "{EC84DE04-CC71-4BE2-B937-A2D407A47DAC}"
EndProject
Project("{2150E333-8FDC-42A3-9474-1A3956D46DE8}") = ".nuget", ".nuget", "{E251A2CA-A846-4CC4-8FAE-A3721F180F78}"
	ProjectSection(SolutionItems) = preProject
		.nuget\NuGet.Config = .nuget\NuGet.Config
		.nuget\NuGet.exe = .nuget\NuGet.exe
		.nuget\NuGet.targets = .nuget\NuGet.targets
	EndProjectSection
EndProject
Project("{FAE04EC0-301F-11D3-BF4B-00C04F79EFBC}") = "PanoramaBackgroundApp", "PanoramaBackgroundApp\PanoramaBackgroundApp.csproj", "{485A223F-1F7E-4C8A-90BD-E2293321CC31}"
EndProject
Project("{FAE04EC0-301F-11D3-BF4B-00C04F79EFBC}") = "MultipleLayouts", "MultipleLayouts\MultipleLayouts.csproj", "{87FA19E2-E291-4CE6-A3BE-75970178AF24}"
EndProject
Project("{FAE04EC0-301F-11D3-BF4B-00C04F79EFBC}") = "FlatListControl", "FlatListControl\FlatListControl.csproj", "{B01ECC2C-1ECA-481F-81BA-A9A46486ADCC}"
EndProject
Project("{2150E333-8FDC-42A3-9474-1A3956D46DE8}") = "UriMapper", "UriMapper", "{613C79FA-8EE3-49C1-911B-25A8AFEFEFFB}"
EndProject
Project("{FAE04EC0-301F-11D3-BF4B-00C04F79EFBC}") = "UriMapper1", "UriMapper1\UriMapper1.csproj", "{B23786AF-CBBD-4AF4-83A5-98E747102032}"
EndProject
Project("{FAE04EC0-301F-11D3-BF4B-00C04F79EFBC}") = "UriMapper2", "UriMapper2\UriMapper2.csproj", "{81B43E73-9044-4C71-84D7-BB3043B7C3F5}"
EndProject
Project("{FAE04EC0-301F-11D3-BF4B-00C04F79EFBC}") = "OrientationLayouts", "OrientationLayouts\OrientationLayouts.csproj", "{4F3E93B8-259F-4E6A-9261-602A72865CF0}"
EndProject
Global
	GlobalSection(SolutionConfigurationPlatforms) = preSolution
		Debug|Any CPU = Debug|Any CPU
		Debug|ARM = Debug|ARM
		Debug|x64 = Debug|x64
		Debug|x86 = Debug|x86
		Release|Any CPU = Release|Any CPU
		Release|ARM = Release|ARM
		Release|x64 = Release|x64
		Release|x86 = Release|x86
	EndGlobalSection
	GlobalSection(ProjectConfigurationPlatforms) = postSolution
		{6AA63B9F-29A7-4ADE-B0CF-4511ECCB5584}.Debug|Any CPU.ActiveCfg = Debug|Any CPU
		{6AA63B9F-29A7-4ADE-B0CF-4511ECCB5584}.Debug|Any CPU.Build.0 = Debug|Any CPU
		{6AA63B9F-29A7-4ADE-B0CF-4511ECCB5584}.Debug|Any CPU.Deploy.0 = Debug|Any CPU
		{6AA63B9F-29A7-4ADE-B0CF-4511ECCB5584}.Debug|ARM.ActiveCfg = Debug|ARM
		{6AA63B9F-29A7-4ADE-B0CF-4511ECCB5584}.Debug|ARM.Build.0 = Debug|ARM
		{6AA63B9F-29A7-4ADE-B0CF-4511ECCB5584}.Debug|ARM.Deploy.0 = Debug|ARM
		{6AA63B9F-29A7-4ADE-B0CF-4511ECCB5584}.Debug|x64.ActiveCfg = Debug|x64
		{6AA63B9F-29A7-4ADE-B0CF-4511ECCB5584}.Debug|x64.Build.0 = Debug|x64
		{6AA63B9F-29A7-4ADE-B0CF-4511ECCB5584}.Debug|x64.Deploy.0 = Debug|x64
		{6AA63B9F-29A7-4ADE-B0CF-4511ECCB5584}.Debug|x86.ActiveCfg = Debug|x86
		{6AA63B9F-29A7-4ADE-B0CF-4511ECCB5584}.Debug|x86.Build.0 = Debug|x86
		{6AA63B9F-29A7-4ADE-B0CF-4511ECCB5584}.Debug|x86.Deploy.0 = Debug|x86
		{6AA63B9F-29A7-4ADE-B0CF-4511ECCB5584}.Release|Any CPU.ActiveCfg = Release|Any CPU
		{6AA63B9F-29A7-4ADE-B0CF-4511ECCB5584}.Release|Any CPU.Build.0 = Release|Any CPU
		{6AA63B9F-29A7-4ADE-B0CF-4511ECCB5584}.Release|Any CPU.Deploy.0 = Release|Any CPU
		{6AA63B9F-29A7-4ADE-B0CF-4511ECCB5584}.Release|ARM.ActiveCfg = Release|ARM
		{6AA63B9F-29A7-4ADE-B0CF-4511ECCB5584}.Release|ARM.Build.0 = Release|ARM
		{6AA63B9F-29A7-4ADE-B0CF-4511ECCB5584}.Release|ARM.Deploy.0 = Release|ARM
		{6AA63B9F-29A7-4ADE-B0CF-4511ECCB5584}.Release|x64.ActiveCfg = Release|x64
		{6AA63B9F-29A7-4ADE-B0CF-4511ECCB5584}.Release|x64.Build.0 = Release|x64
		{6AA63B9F-29A7-4ADE-B0CF-4511ECCB5584}.Release|x64.Deploy.0 = Release|x64
		{6AA63B9F-29A7-4ADE-B0CF-4511ECCB5584}.Release|x86.ActiveCfg = Release|x86
		{6AA63B9F-29A7-4ADE-B0CF-4511ECCB5584}.Release|x86.Build.0 = Release|x86
		{6AA63B9F-29A7-4ADE-B0CF-4511ECCB5584}.Release|x86.Deploy.0 = Release|x86
		{A970B8AC-4F3C-48F2-9A84-471AC108CD48}.Debug|Any CPU.ActiveCfg = Debug|Any CPU
		{A970B8AC-4F3C-48F2-9A84-471AC108CD48}.Debug|Any CPU.Build.0 = Debug|Any CPU
		{A970B8AC-4F3C-48F2-9A84-471AC108CD48}.Debug|Any CPU.Deploy.0 = Debug|Any CPU
		{A970B8AC-4F3C-48F2-9A84-471AC108CD48}.Debug|ARM.ActiveCfg = Debug|Any CPU
		{A970B8AC-4F3C-48F2-9A84-471AC108CD48}.Debug|x64.ActiveCfg = Debug|Any CPU
		{A970B8AC-4F3C-48F2-9A84-471AC108CD48}.Debug|x86.ActiveCfg = Debug|Any CPU
		{A970B8AC-4F3C-48F2-9A84-471AC108CD48}.Release|Any CPU.ActiveCfg = Release|Any CPU
		{A970B8AC-4F3C-48F2-9A84-471AC108CD48}.Release|Any CPU.Build.0 = Release|Any CPU
		{A970B8AC-4F3C-48F2-9A84-471AC108CD48}.Release|Any CPU.Deploy.0 = Release|Any CPU
		{A970B8AC-4F3C-48F2-9A84-471AC108CD48}.Release|ARM.ActiveCfg = Release|Any CPU
		{A970B8AC-4F3C-48F2-9A84-471AC108CD48}.Release|x64.ActiveCfg = Release|Any CPU
		{A970B8AC-4F3C-48F2-9A84-471AC108CD48}.Release|x86.ActiveCfg = Release|Any CPU
		{7E125CE7-CB80-4EBC-876F-35B24D2125F0}.Debug|Any CPU.ActiveCfg = Debug|Any CPU
		{7E125CE7-CB80-4EBC-876F-35B24D2125F0}.Debug|Any CPU.Build.0 = Debug|Any CPU
		{7E125CE7-CB80-4EBC-876F-35B24D2125F0}.Debug|ARM.ActiveCfg = Debug|Any CPU
		{7E125CE7-CB80-4EBC-876F-35B24D2125F0}.Debug|x64.ActiveCfg = Debug|Any CPU
		{7E125CE7-CB80-4EBC-876F-35B24D2125F0}.Debug|x86.ActiveCfg = Debug|Any CPU
		{7E125CE7-CB80-4EBC-876F-35B24D2125F0}.Release|Any CPU.ActiveCfg = Release|Any CPU
		{7E125CE7-CB80-4EBC-876F-35B24D2125F0}.Release|Any CPU.Build.0 = Release|Any CPU
		{7E125CE7-CB80-4EBC-876F-35B24D2125F0}.Release|ARM.ActiveCfg = Release|Any CPU
		{7E125CE7-CB80-4EBC-876F-35B24D2125F0}.Release|x64.ActiveCfg = Release|Any CPU
		{7E125CE7-CB80-4EBC-876F-35B24D2125F0}.Release|x86.ActiveCfg = Release|Any CPU
		{A1FE3F19-208B-4A77-85D1-9558E5DD1C25}.Debug|Any CPU.ActiveCfg = Debug|Any CPU
		{A1FE3F19-208B-4A77-85D1-9558E5DD1C25}.Debug|Any CPU.Build.0 = Debug|Any CPU
		{A1FE3F19-208B-4A77-85D1-9558E5DD1C25}.Debug|Any CPU.Deploy.0 = Debug|Any CPU
		{A1FE3F19-208B-4A77-85D1-9558E5DD1C25}.Debug|ARM.ActiveCfg = Debug|Any CPU
		{A1FE3F19-208B-4A77-85D1-9558E5DD1C25}.Debug|x64.ActiveCfg = Debug|Any CPU
		{A1FE3F19-208B-4A77-85D1-9558E5DD1C25}.Debug|x86.ActiveCfg = Debug|Any CPU
		{A1FE3F19-208B-4A77-85D1-9558E5DD1C25}.Release|Any CPU.ActiveCfg = Release|Any CPU
		{A1FE3F19-208B-4A77-85D1-9558E5DD1C25}.Release|Any CPU.Build.0 = Release|Any CPU
		{A1FE3F19-208B-4A77-85D1-9558E5DD1C25}.Release|Any CPU.Deploy.0 = Release|Any CPU
		{A1FE3F19-208B-4A77-85D1-9558E5DD1C25}.Release|ARM.ActiveCfg = Release|Any CPU
		{A1FE3F19-208B-4A77-85D1-9558E5DD1C25}.Release|x64.ActiveCfg = Release|Any CPU
		{A1FE3F19-208B-4A77-85D1-9558E5DD1C25}.Release|x86.ActiveCfg = Release|Any CPU
		{9CD18987-6653-475B-8F0C-50F145B68BFA}.Debug|Any CPU.ActiveCfg = Debug|Any CPU
		{9CD18987-6653-475B-8F0C-50F145B68BFA}.Debug|Any CPU.Build.0 = Debug|Any CPU
		{9CD18987-6653-475B-8F0C-50F145B68BFA}.Debug|ARM.ActiveCfg = Debug|Any CPU
		{9CD18987-6653-475B-8F0C-50F145B68BFA}.Debug|x64.ActiveCfg = Debug|Any CPU
		{9CD18987-6653-475B-8F0C-50F145B68BFA}.Debug|x86.ActiveCfg = Debug|Any CPU
		{9CD18987-6653-475B-8F0C-50F145B68BFA}.Release|Any CPU.ActiveCfg = Release|Any CPU
		{9CD18987-6653-475B-8F0C-50F145B68BFA}.Release|Any CPU.Build.0 = Release|Any CPU
		{9CD18987-6653-475B-8F0C-50F145B68BFA}.Release|ARM.ActiveCfg = Release|Any CPU
		{9CD18987-6653-475B-8F0C-50F145B68BFA}.Release|x64.ActiveCfg = Release|Any CPU
		{9CD18987-6653-475B-8F0C-50F145B68BFA}.Release|x86.ActiveCfg = Release|Any CPU
		{CEF556D2-097C-4DD8-9AD9-B5DAD3E658D6}.Debug|Any CPU.ActiveCfg = Debug|Any CPU
		{CEF556D2-097C-4DD8-9AD9-B5DAD3E658D6}.Debug|Any CPU.Build.0 = Debug|Any CPU
		{CEF556D2-097C-4DD8-9AD9-B5DAD3E658D6}.Debug|Any CPU.Deploy.0 = Debug|Any CPU
		{CEF556D2-097C-4DD8-9AD9-B5DAD3E658D6}.Debug|ARM.ActiveCfg = Debug|Any CPU
		{CEF556D2-097C-4DD8-9AD9-B5DAD3E658D6}.Debug|x64.ActiveCfg = Debug|Any CPU
		{CEF556D2-097C-4DD8-9AD9-B5DAD3E658D6}.Debug|x86.ActiveCfg = Debug|Any CPU
		{CEF556D2-097C-4DD8-9AD9-B5DAD3E658D6}.Release|Any CPU.ActiveCfg = Release|Any CPU
		{CEF556D2-097C-4DD8-9AD9-B5DAD3E658D6}.Release|Any CPU.Build.0 = Release|Any CPU
		{CEF556D2-097C-4DD8-9AD9-B5DAD3E658D6}.Release|Any CPU.Deploy.0 = Release|Any CPU
		{CEF556D2-097C-4DD8-9AD9-B5DAD3E658D6}.Release|ARM.ActiveCfg = Release|Any CPU
		{CEF556D2-097C-4DD8-9AD9-B5DAD3E658D6}.Release|x64.ActiveCfg = Release|Any CPU
		{CEF556D2-097C-4DD8-9AD9-B5DAD3E658D6}.Release|x86.ActiveCfg = Release|Any CPU
		{A488F852-6271-466A-9E48-16AEABB5CA72}.Debug|Any CPU.ActiveCfg = Debug|Any CPU
		{A488F852-6271-466A-9E48-16AEABB5CA72}.Debug|Any CPU.Build.0 = Debug|Any CPU
		{A488F852-6271-466A-9E48-16AEABB5CA72}.Debug|ARM.ActiveCfg = Debug|Any CPU
		{A488F852-6271-466A-9E48-16AEABB5CA72}.Debug|x64.ActiveCfg = Debug|Any CPU
		{A488F852-6271-466A-9E48-16AEABB5CA72}.Debug|x86.ActiveCfg = Debug|Any CPU
		{A488F852-6271-466A-9E48-16AEABB5CA72}.Release|Any CPU.ActiveCfg = Release|Any CPU
		{A488F852-6271-466A-9E48-16AEABB5CA72}.Release|Any CPU.Build.0 = Release|Any CPU
		{A488F852-6271-466A-9E48-16AEABB5CA72}.Release|ARM.ActiveCfg = Release|Any CPU
		{A488F852-6271-466A-9E48-16AEABB5CA72}.Release|x64.ActiveCfg = Release|Any CPU
		{A488F852-6271-466A-9E48-16AEABB5CA72}.Release|x86.ActiveCfg = Release|Any CPU
		{B2DA6422-6456-40E4-8B9B-255AFEF32CE3}.Debug|Any CPU.ActiveCfg = Debug|Any CPU
		{B2DA6422-6456-40E4-8B9B-255AFEF32CE3}.Debug|Any CPU.Build.0 = Debug|Any CPU
		{B2DA6422-6456-40E4-8B9B-255AFEF32CE3}.Debug|ARM.ActiveCfg = Debug|Any CPU
		{B2DA6422-6456-40E4-8B9B-255AFEF32CE3}.Debug|x64.ActiveCfg = Debug|Any CPU
		{B2DA6422-6456-40E4-8B9B-255AFEF32CE3}.Debug|x86.ActiveCfg = Debug|Any CPU
		{B2DA6422-6456-40E4-8B9B-255AFEF32CE3}.Release|Any CPU.ActiveCfg = Release|Any CPU
		{B2DA6422-6456-40E4-8B9B-255AFEF32CE3}.Release|Any CPU.Build.0 = Release|Any CPU
		{B2DA6422-6456-40E4-8B9B-255AFEF32CE3}.Release|ARM.ActiveCfg = Release|Any CPU
		{B2DA6422-6456-40E4-8B9B-255AFEF32CE3}.Release|x64.ActiveCfg = Release|Any CPU
		{B2DA6422-6456-40E4-8B9B-255AFEF32CE3}.Release|x86.ActiveCfg = Release|Any CPU
		{DA871DCA-F6D8-47FF-B1E7-CD64D16FC0F8}.Debug|Any CPU.ActiveCfg = Debug|Any CPU
		{DA871DCA-F6D8-47FF-B1E7-CD64D16FC0F8}.Debug|Any CPU.Build.0 = Debug|Any CPU
		{DA871DCA-F6D8-47FF-B1E7-CD64D16FC0F8}.Debug|Any CPU.Deploy.0 = Debug|Any CPU
		{DA871DCA-F6D8-47FF-B1E7-CD64D16FC0F8}.Debug|ARM.ActiveCfg = Debug|ARM
		{DA871DCA-F6D8-47FF-B1E7-CD64D16FC0F8}.Debug|ARM.Build.0 = Debug|ARM
		{DA871DCA-F6D8-47FF-B1E7-CD64D16FC0F8}.Debug|ARM.Deploy.0 = Debug|ARM
		{DA871DCA-F6D8-47FF-B1E7-CD64D16FC0F8}.Debug|x64.ActiveCfg = Debug|x64
		{DA871DCA-F6D8-47FF-B1E7-CD64D16FC0F8}.Debug|x64.Build.0 = Debug|x64
		{DA871DCA-F6D8-47FF-B1E7-CD64D16FC0F8}.Debug|x64.Deploy.0 = Debug|x64
		{DA871DCA-F6D8-47FF-B1E7-CD64D16FC0F8}.Debug|x86.ActiveCfg = Debug|x86
		{DA871DCA-F6D8-47FF-B1E7-CD64D16FC0F8}.Debug|x86.Build.0 = Debug|x86
		{DA871DCA-F6D8-47FF-B1E7-CD64D16FC0F8}.Debug|x86.Deploy.0 = Debug|x86
		{DA871DCA-F6D8-47FF-B1E7-CD64D16FC0F8}.Release|Any CPU.ActiveCfg = Release|Any CPU
		{DA871DCA-F6D8-47FF-B1E7-CD64D16FC0F8}.Release|Any CPU.Build.0 = Release|Any CPU
		{DA871DCA-F6D8-47FF-B1E7-CD64D16FC0F8}.Release|Any CPU.Deploy.0 = Release|Any CPU
		{DA871DCA-F6D8-47FF-B1E7-CD64D16FC0F8}.Release|ARM.ActiveCfg = Release|ARM
		{DA871DCA-F6D8-47FF-B1E7-CD64D16FC0F8}.Release|ARM.Build.0 = Release|ARM
		{DA871DCA-F6D8-47FF-B1E7-CD64D16FC0F8}.Release|ARM.Deploy.0 = Release|ARM
		{DA871DCA-F6D8-47FF-B1E7-CD64D16FC0F8}.Release|x64.ActiveCfg = Release|x64
		{DA871DCA-F6D8-47FF-B1E7-CD64D16FC0F8}.Release|x64.Build.0 = Release|x64
		{DA871DCA-F6D8-47FF-B1E7-CD64D16FC0F8}.Release|x64.Deploy.0 = Release|x64
		{DA871DCA-F6D8-47FF-B1E7-CD64D16FC0F8}.Release|x86.ActiveCfg = Release|x86
		{DA871DCA-F6D8-47FF-B1E7-CD64D16FC0F8}.Release|x86.Build.0 = Release|x86
		{DA871DCA-F6D8-47FF-B1E7-CD64D16FC0F8}.Release|x86.Deploy.0 = Release|x86
		{C73AA485-6CFC-4884-9F7A-5A4BEDB103B7}.Debug|Any CPU.ActiveCfg = Debug|Any CPU
		{C73AA485-6CFC-4884-9F7A-5A4BEDB103B7}.Debug|Any CPU.Build.0 = Debug|Any CPU
		{C73AA485-6CFC-4884-9F7A-5A4BEDB103B7}.Debug|Any CPU.Deploy.0 = Debug|Any CPU
		{C73AA485-6CFC-4884-9F7A-5A4BEDB103B7}.Debug|ARM.ActiveCfg = Debug|ARM
		{C73AA485-6CFC-4884-9F7A-5A4BEDB103B7}.Debug|ARM.Build.0 = Debug|ARM
		{C73AA485-6CFC-4884-9F7A-5A4BEDB103B7}.Debug|ARM.Deploy.0 = Debug|ARM
		{C73AA485-6CFC-4884-9F7A-5A4BEDB103B7}.Debug|x64.ActiveCfg = Debug|Any CPU
		{C73AA485-6CFC-4884-9F7A-5A4BEDB103B7}.Debug|x86.ActiveCfg = Debug|x86
		{C73AA485-6CFC-4884-9F7A-5A4BEDB103B7}.Debug|x86.Build.0 = Debug|x86
		{C73AA485-6CFC-4884-9F7A-5A4BEDB103B7}.Debug|x86.Deploy.0 = Debug|x86
		{C73AA485-6CFC-4884-9F7A-5A4BEDB103B7}.Release|Any CPU.ActiveCfg = Release|Any CPU
		{C73AA485-6CFC-4884-9F7A-5A4BEDB103B7}.Release|Any CPU.Build.0 = Release|Any CPU
		{C73AA485-6CFC-4884-9F7A-5A4BEDB103B7}.Release|Any CPU.Deploy.0 = Release|Any CPU
		{C73AA485-6CFC-4884-9F7A-5A4BEDB103B7}.Release|ARM.ActiveCfg = Release|ARM
		{C73AA485-6CFC-4884-9F7A-5A4BEDB103B7}.Release|ARM.Build.0 = Release|ARM
		{C73AA485-6CFC-4884-9F7A-5A4BEDB103B7}.Release|ARM.Deploy.0 = Release|ARM
		{C73AA485-6CFC-4884-9F7A-5A4BEDB103B7}.Release|x64.ActiveCfg = Release|Any CPU
		{C73AA485-6CFC-4884-9F7A-5A4BEDB103B7}.Release|x86.ActiveCfg = Release|x86
		{C73AA485-6CFC-4884-9F7A-5A4BEDB103B7}.Release|x86.Build.0 = Release|x86
		{C73AA485-6CFC-4884-9F7A-5A4BEDB103B7}.Release|x86.Deploy.0 = Release|x86
		{EC84DE04-CC71-4BE2-B937-A2D407A47DAC}.Debug|Any CPU.ActiveCfg = Debug|Any CPU
		{EC84DE04-CC71-4BE2-B937-A2D407A47DAC}.Debug|Any CPU.Build.0 = Debug|Any CPU
		{EC84DE04-CC71-4BE2-B937-A2D407A47DAC}.Debug|Any CPU.Deploy.0 = Debug|Any CPU
		{EC84DE04-CC71-4BE2-B937-A2D407A47DAC}.Debug|ARM.ActiveCfg = Debug|Any CPU
		{EC84DE04-CC71-4BE2-B937-A2D407A47DAC}.Debug|x64.ActiveCfg = Debug|Any CPU
		{EC84DE04-CC71-4BE2-B937-A2D407A47DAC}.Debug|x86.ActiveCfg = Debug|Any CPU
		{EC84DE04-CC71-4BE2-B937-A2D407A47DAC}.Release|Any CPU.ActiveCfg = Release|Any CPU
		{EC84DE04-CC71-4BE2-B937-A2D407A47DAC}.Release|Any CPU.Build.0 = Release|Any CPU
		{EC84DE04-CC71-4BE2-B937-A2D407A47DAC}.Release|Any CPU.Deploy.0 = Release|Any CPU
		{EC84DE04-CC71-4BE2-B937-A2D407A47DAC}.Release|ARM.ActiveCfg = Release|Any CPU
		{EC84DE04-CC71-4BE2-B937-A2D407A47DAC}.Release|x64.ActiveCfg = Release|Any CPU
		{EC84DE04-CC71-4BE2-B937-A2D407A47DAC}.Release|x86.ActiveCfg = Release|Any CPU
		{485A223F-1F7E-4C8A-90BD-E2293321CC31}.Debug|Any CPU.ActiveCfg = Debug|Any CPU
		{485A223F-1F7E-4C8A-90BD-E2293321CC31}.Debug|Any CPU.Build.0 = Debug|Any CPU
		{485A223F-1F7E-4C8A-90BD-E2293321CC31}.Debug|Any CPU.Deploy.0 = Debug|Any CPU
		{485A223F-1F7E-4C8A-90BD-E2293321CC31}.Debug|ARM.ActiveCfg = Debug|Any CPU
		{485A223F-1F7E-4C8A-90BD-E2293321CC31}.Debug|x64.ActiveCfg = Debug|Any CPU
		{485A223F-1F7E-4C8A-90BD-E2293321CC31}.Debug|x86.ActiveCfg = Debug|Any CPU
		{485A223F-1F7E-4C8A-90BD-E2293321CC31}.Release|Any CPU.ActiveCfg = Release|Any CPU
		{485A223F-1F7E-4C8A-90BD-E2293321CC31}.Release|Any CPU.Build.0 = Release|Any CPU
		{485A223F-1F7E-4C8A-90BD-E2293321CC31}.Release|Any CPU.Deploy.0 = Release|Any CPU
		{485A223F-1F7E-4C8A-90BD-E2293321CC31}.Release|ARM.ActiveCfg = Release|Any CPU
		{485A223F-1F7E-4C8A-90BD-E2293321CC31}.Release|x64.ActiveCfg = Release|Any CPU
		{485A223F-1F7E-4C8A-90BD-E2293321CC31}.Release|x86.ActiveCfg = Release|Any CPU
		{87FA19E2-E291-4CE6-A3BE-75970178AF24}.Debug|Any CPU.ActiveCfg = Debug|Any CPU
		{87FA19E2-E291-4CE6-A3BE-75970178AF24}.Debug|Any CPU.Build.0 = Debug|Any CPU
		{87FA19E2-E291-4CE6-A3BE-75970178AF24}.Debug|Any CPU.Deploy.0 = Debug|Any CPU
		{87FA19E2-E291-4CE6-A3BE-75970178AF24}.Debug|ARM.ActiveCfg = Debug|ARM
		{87FA19E2-E291-4CE6-A3BE-75970178AF24}.Debug|ARM.Build.0 = Debug|ARM
		{87FA19E2-E291-4CE6-A3BE-75970178AF24}.Debug|ARM.Deploy.0 = Debug|ARM
		{87FA19E2-E291-4CE6-A3BE-75970178AF24}.Debug|x64.ActiveCfg = Debug|Any CPU
		{87FA19E2-E291-4CE6-A3BE-75970178AF24}.Debug|x86.ActiveCfg = Debug|x86
		{87FA19E2-E291-4CE6-A3BE-75970178AF24}.Debug|x86.Build.0 = Debug|x86
		{87FA19E2-E291-4CE6-A3BE-75970178AF24}.Debug|x86.Deploy.0 = Debug|x86
		{87FA19E2-E291-4CE6-A3BE-75970178AF24}.Release|Any CPU.ActiveCfg = Release|Any CPU
		{87FA19E2-E291-4CE6-A3BE-75970178AF24}.Release|Any CPU.Build.0 = Release|Any CPU
		{87FA19E2-E291-4CE6-A3BE-75970178AF24}.Release|Any CPU.Deploy.0 = Release|Any CPU
		{87FA19E2-E291-4CE6-A3BE-75970178AF24}.Release|ARM.ActiveCfg = Release|ARM
		{87FA19E2-E291-4CE6-A3BE-75970178AF24}.Release|ARM.Build.0 = Release|ARM
		{87FA19E2-E291-4CE6-A3BE-75970178AF24}.Release|ARM.Deploy.0 = Release|ARM
		{87FA19E2-E291-4CE6-A3BE-75970178AF24}.Release|x64.ActiveCfg = Release|Any CPU
		{87FA19E2-E291-4CE6-A3BE-75970178AF24}.Release|x86.ActiveCfg = Release|x86
		{87FA19E2-E291-4CE6-A3BE-75970178AF24}.Release|x86.Build.0 = Release|x86
		{87FA19E2-E291-4CE6-A3BE-75970178AF24}.Release|x86.Deploy.0 = Release|x86
		{B01ECC2C-1ECA-481F-81BA-A9A46486ADCC}.Debug|Any CPU.ActiveCfg = Debug|Any CPU
		{B01ECC2C-1ECA-481F-81BA-A9A46486ADCC}.Debug|Any CPU.Build.0 = Debug|Any CPU
		{B01ECC2C-1ECA-481F-81BA-A9A46486ADCC}.Debug|Any CPU.Deploy.0 = Debug|Any CPU
		{B01ECC2C-1ECA-481F-81BA-A9A46486ADCC}.Debug|ARM.ActiveCfg = Debug|Any CPU
		{B01ECC2C-1ECA-481F-81BA-A9A46486ADCC}.Debug|x64.ActiveCfg = Debug|Any CPU
		{B01ECC2C-1ECA-481F-81BA-A9A46486ADCC}.Debug|x86.ActiveCfg = Debug|Any CPU
		{B01ECC2C-1ECA-481F-81BA-A9A46486ADCC}.Release|Any CPU.ActiveCfg = Release|Any CPU
		{B01ECC2C-1ECA-481F-81BA-A9A46486ADCC}.Release|Any CPU.Build.0 = Release|Any CPU
		{B01ECC2C-1ECA-481F-81BA-A9A46486ADCC}.Release|Any CPU.Deploy.0 = Release|Any CPU
		{B01ECC2C-1ECA-481F-81BA-A9A46486ADCC}.Release|ARM.ActiveCfg = Release|Any CPU
		{B01ECC2C-1ECA-481F-81BA-A9A46486ADCC}.Release|x64.ActiveCfg = Release|Any CPU
		{B01ECC2C-1ECA-481F-81BA-A9A46486ADCC}.Release|x86.ActiveCfg = Release|Any CPU
		{B23786AF-CBBD-4AF4-83A5-98E747102032}.Debug|Any CPU.ActiveCfg = Debug|Any CPU
		{B23786AF-CBBD-4AF4-83A5-98E747102032}.Debug|Any CPU.Build.0 = Debug|Any CPU
		{B23786AF-CBBD-4AF4-83A5-98E747102032}.Debug|Any CPU.Deploy.0 = Debug|Any CPU
		{B23786AF-CBBD-4AF4-83A5-98E747102032}.Debug|ARM.ActiveCfg = Debug|Any CPU
		{B23786AF-CBBD-4AF4-83A5-98E747102032}.Debug|x64.ActiveCfg = Debug|Any CPU
		{B23786AF-CBBD-4AF4-83A5-98E747102032}.Debug|x86.ActiveCfg = Debug|Any CPU
		{B23786AF-CBBD-4AF4-83A5-98E747102032}.Release|Any CPU.ActiveCfg = Release|Any CPU
		{B23786AF-CBBD-4AF4-83A5-98E747102032}.Release|Any CPU.Build.0 = Release|Any CPU
		{B23786AF-CBBD-4AF4-83A5-98E747102032}.Release|Any CPU.Deploy.0 = Release|Any CPU
		{B23786AF-CBBD-4AF4-83A5-98E747102032}.Release|ARM.ActiveCfg = Release|Any CPU
		{B23786AF-CBBD-4AF4-83A5-98E747102032}.Release|x64.ActiveCfg = Release|Any CPU
		{B23786AF-CBBD-4AF4-83A5-98E747102032}.Release|x86.ActiveCfg = Release|Any CPU
		{81B43E73-9044-4C71-84D7-BB3043B7C3F5}.Debug|Any CPU.ActiveCfg = Debug|Any CPU
		{81B43E73-9044-4C71-84D7-BB3043B7C3F5}.Debug|Any CPU.Build.0 = Debug|Any CPU
		{81B43E73-9044-4C71-84D7-BB3043B7C3F5}.Debug|Any CPU.Deploy.0 = Debug|Any CPU
		{81B43E73-9044-4C71-84D7-BB3043B7C3F5}.Debug|ARM.ActiveCfg = Debug|Any CPU
		{81B43E73-9044-4C71-84D7-BB3043B7C3F5}.Debug|x64.ActiveCfg = Debug|Any CPU
		{81B43E73-9044-4C71-84D7-BB3043B7C3F5}.Debug|x86.ActiveCfg = Debug|Any CPU
		{81B43E73-9044-4C71-84D7-BB3043B7C3F5}.Release|Any CPU.ActiveCfg = Release|Any CPU
		{81B43E73-9044-4C71-84D7-BB3043B7C3F5}.Release|Any CPU.Build.0 = Release|Any CPU
		{81B43E73-9044-4C71-84D7-BB3043B7C3F5}.Release|Any CPU.Deploy.0 = Release|Any CPU
		{81B43E73-9044-4C71-84D7-BB3043B7C3F5}.Release|ARM.ActiveCfg = Release|Any CPU
		{81B43E73-9044-4C71-84D7-BB3043B7C3F5}.Release|x64.ActiveCfg = Release|Any CPU
		{81B43E73-9044-4C71-84D7-BB3043B7C3F5}.Release|x86.ActiveCfg = Release|Any CPU
		{4F3E93B8-259F-4E6A-9261-602A72865CF0}.Debug|Any CPU.ActiveCfg = Debug|Any CPU
		{4F3E93B8-259F-4E6A-9261-602A72865CF0}.Debug|Any CPU.Build.0 = Debug|Any CPU
		{4F3E93B8-259F-4E6A-9261-602A72865CF0}.Debug|Any CPU.Deploy.0 = Debug|Any CPU
		{4F3E93B8-259F-4E6A-9261-602A72865CF0}.Debug|ARM.ActiveCfg = Debug|ARM
		{4F3E93B8-259F-4E6A-9261-602A72865CF0}.Debug|ARM.Build.0 = Debug|ARM
		{4F3E93B8-259F-4E6A-9261-602A72865CF0}.Debug|ARM.Deploy.0 = Debug|ARM
		{4F3E93B8-259F-4E6A-9261-602A72865CF0}.Debug|x64.ActiveCfg = Debug|Any CPU
		{4F3E93B8-259F-4E6A-9261-602A72865CF0}.Debug|x86.ActiveCfg = Debug|x86
		{4F3E93B8-259F-4E6A-9261-602A72865CF0}.Debug|x86.Build.0 = Debug|x86
		{4F3E93B8-259F-4E6A-9261-602A72865CF0}.Debug|x86.Deploy.0 = Debug|x86
		{4F3E93B8-259F-4E6A-9261-602A72865CF0}.Release|Any CPU.ActiveCfg = Release|Any CPU
		{4F3E93B8-259F-4E6A-9261-602A72865CF0}.Release|Any CPU.Build.0 = Release|Any CPU
		{4F3E93B8-259F-4E6A-9261-602A72865CF0}.Release|Any CPU.Deploy.0 = Release|Any CPU
		{4F3E93B8-259F-4E6A-9261-602A72865CF0}.Release|ARM.ActiveCfg = Release|ARM
		{4F3E93B8-259F-4E6A-9261-602A72865CF0}.Release|ARM.Build.0 = Release|ARM
		{4F3E93B8-259F-4E6A-9261-602A72865CF0}.Release|ARM.Deploy.0 = Release|ARM
		{4F3E93B8-259F-4E6A-9261-602A72865CF0}.Release|x64.ActiveCfg = Release|Any CPU
		{4F3E93B8-259F-4E6A-9261-602A72865CF0}.Release|x86.ActiveCfg = Release|x86
		{4F3E93B8-259F-4E6A-9261-602A72865CF0}.Release|x86.Build.0 = Release|x86
		{4F3E93B8-259F-4E6A-9261-602A72865CF0}.Release|x86.Deploy.0 = Release|x86
	EndGlobalSection
	GlobalSection(SolutionProperties) = preSolution
		HideSolutionNode = FALSE
	EndGlobalSection
	GlobalSection(NestedProjects) = preSolution
		{A970B8AC-4F3C-48F2-9A84-471AC108CD48} = {5CE3D1C9-B789-4591-B369-6C21CA00FEFF}
		{7E125CE7-CB80-4EBC-876F-35B24D2125F0} = {5CE3D1C9-B789-4591-B369-6C21CA00FEFF}
		{A1FE3F19-208B-4A77-85D1-9558E5DD1C25} = {5CE3D1C9-B789-4591-B369-6C21CA00FEFF}
		{6AA63B9F-29A7-4ADE-B0CF-4511ECCB5584} = {5CE3D1C9-B789-4591-B369-6C21CA00FEFF}
		{CEF556D2-097C-4DD8-9AD9-B5DAD3E658D6} = {5CE3D1C9-B789-4591-B369-6C21CA00FEFF}
		{C73AA485-6CFC-4884-9F7A-5A4BEDB103B7} = {5CE3D1C9-B789-4591-B369-6C21CA00FEFF}
		{EC84DE04-CC71-4BE2-B937-A2D407A47DAC} = {5CE3D1C9-B789-4591-B369-6C21CA00FEFF}
		{485A223F-1F7E-4C8A-90BD-E2293321CC31} = {5CE3D1C9-B789-4591-B369-6C21CA00FEFF}
		{613C79FA-8EE3-49C1-911B-25A8AFEFEFFB} = {5CE3D1C9-B789-4591-B369-6C21CA00FEFF}
		{B01ECC2C-1ECA-481F-81BA-A9A46486ADCC} = {5CE3D1C9-B789-4591-B369-6C21CA00FEFF}
		{4F3E93B8-259F-4E6A-9261-602A72865CF0} = {5CE3D1C9-B789-4591-B369-6C21CA00FEFF}
		{9CD18987-6653-475B-8F0C-50F145B68BFA} = {9DBC5C3C-4D4A-4669-A216-B171EEDEC347}
		{A488F852-6271-466A-9E48-16AEABB5CA72} = {9DBC5C3C-4D4A-4669-A216-B171EEDEC347}
		{B2DA6422-6456-40E4-8B9B-255AFEF32CE3} = {9DBC5C3C-4D4A-4669-A216-B171EEDEC347}
		{DA871DCA-F6D8-47FF-B1E7-CD64D16FC0F8} = {161AAB0C-E482-48F2-A62F-235C15F38A13}
		{87FA19E2-E291-4CE6-A3BE-75970178AF24} = {613C79FA-8EE3-49C1-911B-25A8AFEFEFFB}
		{B23786AF-CBBD-4AF4-83A5-98E747102032} = {613C79FA-8EE3-49C1-911B-25A8AFEFEFFB}
		{81B43E73-9044-4C71-84D7-BB3043B7C3F5} = {613C79FA-8EE3-49C1-911B-25A8AFEFEFFB}
	EndGlobalSection
EndGlobal
