
Microsoft Visual Studio Solution File, Format Version 12.00
# Visual Studio 2012
Project("{FAE04EC0-301F-11D3-BF4B-00C04F79EFBC}") = "core.portable", "core.portable\core.portable.csproj", "{4156AE00-D07E-457F-ADC6-DD09709C13EF}"
EndProject
Project("{FAE04EC0-301F-11D3-BF4B-00C04F79EFBC}") = "core.win8", "core.win8\core.win8.csproj", "{291C54C3-FB38-4DF9-B9EB-3AF48628C04C}"
EndProject
Project("{FAE04EC0-301F-11D3-BF4B-00C04F79EFBC}") = "core.wp8", "core.wp8\core.wp8.csproj", "{313B7647-707A-4929-8D11-4B154583DBC5}"
EndProject
Project("{2150E333-8FDC-42A3-9474-1A3956D46DE8}") = "core", "core", "{1A893CF3-3C68-4E64-ACCC-F6F10FB498BE}"
EndProject
Project("{FAE04EC0-301F-11D3-BF4B-00C04F79EFBC}") = "testapp.portable", "testapp.portable\testapp.portable.csproj", "{0C13787C-F279-457E-AC7E-8503245048D7}"
EndProject
Project("{2150E333-8FDC-42A3-9474-1A3956D46DE8}") = "testapp", "testapp", "{7EEAE07B-94C3-4ED1-AA77-28E013085EB5}"
EndProject
Project("{FAE04EC0-301F-11D3-BF4B-00C04F79EFBC}") = "testapp.win8", "testapp.win8\testapp.win8.csproj", "{38AB29FE-E02A-4FA0-B1B7-FB5364E4ED82}"
EndProject
Project("{FAE04EC0-301F-11D3-BF4B-00C04F79EFBC}") = "testapp.wp8", "testapp.wp8\testapp.wp8.csproj", "{B1E1AEBF-2DAA-44A6-B133-45AA9A1C15C2}"
EndProject
Global
	GlobalSection(SolutionConfigurationPlatforms) = preSolution
		Debug|Any CPU = Debug|Any CPU
		Debug|ARM = Debug|ARM
		Debug|x64 = Debug|x64
		Debug|x86 = Debug|x86
		Release|Any CPU = Release|Any CPU
		Release|ARM = Release|ARM
		Release|x64 = Release|x64
		Release|x86 = Release|x86
	EndGlobalSection
	GlobalSection(ProjectConfigurationPlatforms) = postSolution
		{4156AE00-D07E-457F-ADC6-DD09709C13EF}.Debug|Any CPU.ActiveCfg = Debug|Any CPU
		{4156AE00-D07E-457F-ADC6-DD09709C13EF}.Debug|Any CPU.Build.0 = Debug|Any CPU
		{4156AE00-D07E-457F-ADC6-DD09709C13EF}.Debug|ARM.ActiveCfg = Debug|Any CPU
		{4156AE00-D07E-457F-ADC6-DD09709C13EF}.Debug|x64.ActiveCfg = Debug|Any CPU
		{4156AE00-D07E-457F-ADC6-DD09709C13EF}.Debug|x86.ActiveCfg = Debug|Any CPU
		{4156AE00-D07E-457F-ADC6-DD09709C13EF}.Release|Any CPU.ActiveCfg = Release|Any CPU
		{4156AE00-D07E-457F-ADC6-DD09709C13EF}.Release|Any CPU.Build.0 = Release|Any CPU
		{4156AE00-D07E-457F-ADC6-DD09709C13EF}.Release|ARM.ActiveCfg = Release|Any CPU
		{4156AE00-D07E-457F-ADC6-DD09709C13EF}.Release|x64.ActiveCfg = Release|Any CPU
		{4156AE00-D07E-457F-ADC6-DD09709C13EF}.Release|x86.ActiveCfg = Release|Any CPU
		{291C54C3-FB38-4DF9-B9EB-3AF48628C04C}.Debug|Any CPU.ActiveCfg = Debug|Any CPU
		{291C54C3-FB38-4DF9-B9EB-3AF48628C04C}.Debug|Any CPU.Build.0 = Debug|Any CPU
		{291C54C3-FB38-4DF9-B9EB-3AF48628C04C}.Debug|ARM.ActiveCfg = Debug|ARM
		{291C54C3-FB38-4DF9-B9EB-3AF48628C04C}.Debug|ARM.Build.0 = Debug|ARM
		{291C54C3-FB38-4DF9-B9EB-3AF48628C04C}.Debug|x64.ActiveCfg = Debug|x64
		{291C54C3-FB38-4DF9-B9EB-3AF48628C04C}.Debug|x64.Build.0 = Debug|x64
		{291C54C3-FB38-4DF9-B9EB-3AF48628C04C}.Debug|x86.ActiveCfg = Debug|x86
		{291C54C3-FB38-4DF9-B9EB-3AF48628C04C}.Debug|x86.Build.0 = Debug|x86
		{291C54C3-FB38-4DF9-B9EB-3AF48628C04C}.Release|Any CPU.ActiveCfg = Release|Any CPU
		{291C54C3-FB38-4DF9-B9EB-3AF48628C04C}.Release|Any CPU.Build.0 = Release|Any CPU
		{291C54C3-FB38-4DF9-B9EB-3AF48628C04C}.Release|ARM.ActiveCfg = Release|ARM
		{291C54C3-FB38-4DF9-B9EB-3AF48628C04C}.Release|ARM.Build.0 = Release|ARM
		{291C54C3-FB38-4DF9-B9EB-3AF48628C04C}.Release|x64.ActiveCfg = Release|x64
		{291C54C3-FB38-4DF9-B9EB-3AF48628C04C}.Release|x64.Build.0 = Release|x64
		{291C54C3-FB38-4DF9-B9EB-3AF48628C04C}.Release|x86.ActiveCfg = Release|x86
		{291C54C3-FB38-4DF9-B9EB-3AF48628C04C}.Release|x86.Build.0 = Release|x86
		{313B7647-707A-4929-8D11-4B154583DBC5}.Debug|Any CPU.ActiveCfg = Debug|Any CPU
		{313B7647-707A-4929-8D11-4B154583DBC5}.Debug|Any CPU.Build.0 = Debug|Any CPU
		{313B7647-707A-4929-8D11-4B154583DBC5}.Debug|ARM.ActiveCfg = Debug|ARM
		{313B7647-707A-4929-8D11-4B154583DBC5}.Debug|ARM.Build.0 = Debug|ARM
		{313B7647-707A-4929-8D11-4B154583DBC5}.Debug|x64.ActiveCfg = Debug|Any CPU
		{313B7647-707A-4929-8D11-4B154583DBC5}.Debug|x86.ActiveCfg = Debug|x86
		{313B7647-707A-4929-8D11-4B154583DBC5}.Debug|x86.Build.0 = Debug|x86
		{313B7647-707A-4929-8D11-4B154583DBC5}.Release|Any CPU.ActiveCfg = Release|Any CPU
		{313B7647-707A-4929-8D11-4B154583DBC5}.Release|Any CPU.Build.0 = Release|Any CPU
		{313B7647-707A-4929-8D11-4B154583DBC5}.Release|ARM.ActiveCfg = Release|ARM
		{313B7647-707A-4929-8D11-4B154583DBC5}.Release|ARM.Build.0 = Release|ARM
		{313B7647-707A-4929-8D11-4B154583DBC5}.Release|x64.ActiveCfg = Release|Any CPU
		{313B7647-707A-4929-8D11-4B154583DBC5}.Release|x86.ActiveCfg = Release|x86
		{313B7647-707A-4929-8D11-4B154583DBC5}.Release|x86.Build.0 = Release|x86
		{0C13787C-F279-457E-AC7E-8503245048D7}.Debug|Any CPU.ActiveCfg = Debug|Any CPU
		{0C13787C-F279-457E-AC7E-8503245048D7}.Debug|Any CPU.Build.0 = Debug|Any CPU
		{0C13787C-F279-457E-AC7E-8503245048D7}.Debug|ARM.ActiveCfg = Debug|Any CPU
		{0C13787C-F279-457E-AC7E-8503245048D7}.Debug|x64.ActiveCfg = Debug|Any CPU
		{0C13787C-F279-457E-AC7E-8503245048D7}.Debug|x86.ActiveCfg = Debug|Any CPU
		{0C13787C-F279-457E-AC7E-8503245048D7}.Release|Any CPU.ActiveCfg = Release|Any CPU
		{0C13787C-F279-457E-AC7E-8503245048D7}.Release|Any CPU.Build.0 = Release|Any CPU
		{0C13787C-F279-457E-AC7E-8503245048D7}.Release|ARM.ActiveCfg = Release|Any CPU
		{0C13787C-F279-457E-AC7E-8503245048D7}.Release|x64.ActiveCfg = Release|Any CPU
		{0C13787C-F279-457E-AC7E-8503245048D7}.Release|x86.ActiveCfg = Release|Any CPU
		{38AB29FE-E02A-4FA0-B1B7-FB5364E4ED82}.Debug|Any CPU.ActiveCfg = Debug|Any CPU
		{38AB29FE-E02A-4FA0-B1B7-FB5364E4ED82}.Debug|Any CPU.Build.0 = Debug|Any CPU
		{38AB29FE-E02A-4FA0-B1B7-FB5364E4ED82}.Debug|Any CPU.Deploy.0 = Debug|Any CPU
		{38AB29FE-E02A-4FA0-B1B7-FB5364E4ED82}.Debug|ARM.ActiveCfg = Debug|ARM
		{38AB29FE-E02A-4FA0-B1B7-FB5364E4ED82}.Debug|ARM.Build.0 = Debug|ARM
		{38AB29FE-E02A-4FA0-B1B7-FB5364E4ED82}.Debug|ARM.Deploy.0 = Debug|ARM
		{38AB29FE-E02A-4FA0-B1B7-FB5364E4ED82}.Debug|x64.ActiveCfg = Debug|x64
		{38AB29FE-E02A-4FA0-B1B7-FB5364E4ED82}.Debug|x64.Build.0 = Debug|x64
		{38AB29FE-E02A-4FA0-B1B7-FB5364E4ED82}.Debug|x64.Deploy.0 = Debug|x64
		{38AB29FE-E02A-4FA0-B1B7-FB5364E4ED82}.Debug|x86.ActiveCfg = Debug|x86
		{38AB29FE-E02A-4FA0-B1B7-FB5364E4ED82}.Debug|x86.Build.0 = Debug|x86
		{38AB29FE-E02A-4FA0-B1B7-FB5364E4ED82}.Debug|x86.Deploy.0 = Debug|x86
		{38AB29FE-E02A-4FA0-B1B7-FB5364E4ED82}.Release|Any CPU.ActiveCfg = Release|Any CPU
		{38AB29FE-E02A-4FA0-B1B7-FB5364E4ED82}.Release|Any CPU.Build.0 = Release|Any CPU
		{38AB29FE-E02A-4FA0-B1B7-FB5364E4ED82}.Release|Any CPU.Deploy.0 = Release|Any CPU
		{38AB29FE-E02A-4FA0-B1B7-FB5364E4ED82}.Release|ARM.ActiveCfg = Release|ARM
		{38AB29FE-E02A-4FA0-B1B7-FB5364E4ED82}.Release|ARM.Build.0 = Release|ARM
		{38AB29FE-E02A-4FA0-B1B7-FB5364E4ED82}.Release|ARM.Deploy.0 = Release|ARM
		{38AB29FE-E02A-4FA0-B1B7-FB5364E4ED82}.Release|x64.ActiveCfg = Release|x64
		{38AB29FE-E02A-4FA0-B1B7-FB5364E4ED82}.Release|x64.Build.0 = Release|x64
		{38AB29FE-E02A-4FA0-B1B7-FB5364E4ED82}.Release|x64.Deploy.0 = Release|x64
		{38AB29FE-E02A-4FA0-B1B7-FB5364E4ED82}.Release|x86.ActiveCfg = Release|x86
		{38AB29FE-E02A-4FA0-B1B7-FB5364E4ED82}.Release|x86.Build.0 = Release|x86
		{38AB29FE-E02A-4FA0-B1B7-FB5364E4ED82}.Release|x86.Deploy.0 = Release|x86
		{B1E1AEBF-2DAA-44A6-B133-45AA9A1C15C2}.Debug|Any CPU.ActiveCfg = Debug|Any CPU
		{B1E1AEBF-2DAA-44A6-B133-45AA9A1C15C2}.Debug|Any CPU.Build.0 = Debug|Any CPU
		{B1E1AEBF-2DAA-44A6-B133-45AA9A1C15C2}.Debug|Any CPU.Deploy.0 = Debug|Any CPU
		{B1E1AEBF-2DAA-44A6-B133-45AA9A1C15C2}.Debug|ARM.ActiveCfg = Debug|ARM
		{B1E1AEBF-2DAA-44A6-B133-45AA9A1C15C2}.Debug|ARM.Build.0 = Debug|ARM
		{B1E1AEBF-2DAA-44A6-B133-45AA9A1C15C2}.Debug|ARM.Deploy.0 = Debug|ARM
		{B1E1AEBF-2DAA-44A6-B133-45AA9A1C15C2}.Debug|x64.ActiveCfg = Debug|Any CPU
		{B1E1AEBF-2DAA-44A6-B133-45AA9A1C15C2}.Debug|x86.ActiveCfg = Debug|x86
		{B1E1AEBF-2DAA-44A6-B133-45AA9A1C15C2}.Debug|x86.Build.0 = Debug|x86
		{B1E1AEBF-2DAA-44A6-B133-45AA9A1C15C2}.Debug|x86.Deploy.0 = Debug|x86
		{B1E1AEBF-2DAA-44A6-B133-45AA9A1C15C2}.Release|Any CPU.ActiveCfg = Release|Any CPU
		{B1E1AEBF-2DAA-44A6-B133-45AA9A1C15C2}.Release|Any CPU.Build.0 = Release|Any CPU
		{B1E1AEBF-2DAA-44A6-B133-45AA9A1C15C2}.Release|Any CPU.Deploy.0 = Release|Any CPU
		{B1E1AEBF-2DAA-44A6-B133-45AA9A1C15C2}.Release|ARM.ActiveCfg = Release|ARM
		{B1E1AEBF-2DAA-44A6-B133-45AA9A1C15C2}.Release|ARM.Build.0 = Release|ARM
		{B1E1AEBF-2DAA-44A6-B133-45AA9A1C15C2}.Release|ARM.Deploy.0 = Release|ARM
		{B1E1AEBF-2DAA-44A6-B133-45AA9A1C15C2}.Release|x64.ActiveCfg = Release|Any CPU
		{B1E1AEBF-2DAA-44A6-B133-45AA9A1C15C2}.Release|x86.ActiveCfg = Release|x86
		{B1E1AEBF-2DAA-44A6-B133-45AA9A1C15C2}.Release|x86.Build.0 = Release|x86
		{B1E1AEBF-2DAA-44A6-B133-45AA9A1C15C2}.Release|x86.Deploy.0 = Release|x86
	EndGlobalSection
	GlobalSection(SolutionProperties) = preSolution
		HideSolutionNode = FALSE
	EndGlobalSection
	GlobalSection(NestedProjects) = preSolution
		{291C54C3-FB38-4DF9-B9EB-3AF48628C04C} = {1A893CF3-3C68-4E64-ACCC-F6F10FB498BE}
		{313B7647-707A-4929-8D11-4B154583DBC5} = {1A893CF3-3C68-4E64-ACCC-F6F10FB498BE}
		{4156AE00-D07E-457F-ADC6-DD09709C13EF} = {1A893CF3-3C68-4E64-ACCC-F6F10FB498BE}
		{0C13787C-F279-457E-AC7E-8503245048D7} = {7EEAE07B-94C3-4ED1-AA77-28E013085EB5}
		{38AB29FE-E02A-4FA0-B1B7-FB5364E4ED82} = {7EEAE07B-94C3-4ED1-AA77-28E013085EB5}
		{B1E1AEBF-2DAA-44A6-B133-45AA9A1C15C2} = {7EEAE07B-94C3-4ED1-AA77-28E013085EB5}
	EndGlobalSection
EndGlobal
